
Microsoft Visual Studio Solution File, Format Version 12.00
# Visual Studio Version 17
VisualStudioVersion = 17.2.32526.322
MinimumVisualStudioVersion = 10.0.40219.1
Project("{2150E333-8FDC-42A3-9474-1A3956D46DE8}") = "algo", "algo", "{9569E373-0091-412A-AB20-AF758A1B644F}"
EndProject
Project("{2150E333-8FDC-42A3-9474-1A3956D46DE8}") = "challenges", "challenges", "{093B3469-4519-4D77-9E82-D7C02CA0D84C}"
	ProjectSection(SolutionItems) = preProject
		gist.txt = gist.txt
	EndProjectSection
EndProject
Project("{2150E333-8FDC-42A3-9474-1A3956D46DE8}") = "dp", "dp", "{DF7F8293-78AE-4F68-881D-9795E6D7C187}"
EndProject
Project("{2150E333-8FDC-42A3-9474-1A3956D46DE8}") = "ds", "ds", "{A4290E9E-1D9B-4D7D-8752-6FD6998FBE69}"
EndProject
Project("{2150E333-8FDC-42A3-9474-1A3956D46DE8}") = "search", "search", "{1A3BBBA6-0CB7-4B9D-9589-C2EDB55659AE}"
EndProject
Project("{FAE04EC0-301F-11D3-BF4B-00C04F79EFBC}") = "ReLearn.Challenges", "challenges\ReLearn.Challenges\ReLearn.Challenges.csproj", "{8375F82C-B574-4A46-A8DA-C1B772EC377D}"
EndProject
Project("{2150E333-8FDC-42A3-9474-1A3956D46DE8}") = "sort", "sort", "{7638D600-177D-48F4-87DB-665566E62F41}"
EndProject
Project("{FAE04EC0-301F-11D3-BF4B-00C04F79EFBC}") = "ReLearn.Algo.Search", "algo\search\ReLearn.Algo.Search\ReLearn.Algo.Search.csproj", "{7AFBC179-B3FA-4519-98C4-80252692CC80}"
EndProject
Project("{FAE04EC0-301F-11D3-BF4B-00C04F79EFBC}") = "ReLearn.Alog.Sort", "algo\sort\ReLearn.Alog.Sort\ReLearn.Alog.Sort.csproj", "{C785831C-6448-4564-8431-71063F0646AE}"
EndProject
Global
	GlobalSection(SolutionConfigurationPlatforms) = preSolution
		Debug|Any CPU = Debug|Any CPU
		Release|Any CPU = Release|Any CPU
	EndGlobalSection
	GlobalSection(ProjectConfigurationPlatforms) = postSolution
		{8375F82C-B574-4A46-A8DA-C1B772EC377D}.Debug|Any CPU.ActiveCfg = Debug|Any CPU
		{8375F82C-B574-4A46-A8DA-C1B772EC377D}.Debug|Any CPU.Build.0 = Debug|Any CPU
		{8375F82C-B574-4A46-A8DA-C1B772EC377D}.Release|Any CPU.ActiveCfg = Release|Any CPU
		{8375F82C-B574-4A46-A8DA-C1B772EC377D}.Release|Any CPU.Build.0 = Release|Any CPU
		{7AFBC179-B3FA-4519-98C4-80252692CC80}.Debug|Any CPU.ActiveCfg = Debug|Any CPU
		{7AFBC179-B3FA-4519-98C4-80252692CC80}.Debug|Any CPU.Build.0 = Debug|Any CPU
		{7AFBC179-B3FA-4519-98C4-80252692CC80}.Release|Any CPU.ActiveCfg = Release|Any CPU
		{7AFBC179-B3FA-4519-98C4-80252692CC80}.Release|Any CPU.Build.0 = Release|Any CPU
		{C785831C-6448-4564-8431-71063F0646AE}.Debug|Any CPU.ActiveCfg = Debug|Any CPU
		{C785831C-6448-4564-8431-71063F0646AE}.Debug|Any CPU.Build.0 = Debug|Any CPU
		{C785831C-6448-4564-8431-71063F0646AE}.Release|Any CPU.ActiveCfg = Release|Any CPU
		{C785831C-6448-4564-8431-71063F0646AE}.Release|Any CPU.Build.0 = Release|Any CPU
	EndGlobalSection
	GlobalSection(SolutionProperties) = preSolution
		HideSolutionNode = FALSE
	EndGlobalSection
	GlobalSection(NestedProjects) = preSolution
		{1A3BBBA6-0CB7-4B9D-9589-C2EDB55659AE} = {9569E373-0091-412A-AB20-AF758A1B644F}
		{8375F82C-B574-4A46-A8DA-C1B772EC377D} = {093B3469-4519-4D77-9E82-D7C02CA0D84C}
		{7638D600-177D-48F4-87DB-665566E62F41} = {9569E373-0091-412A-AB20-AF758A1B644F}
		{7AFBC179-B3FA-4519-98C4-80252692CC80} = {1A3BBBA6-0CB7-4B9D-9589-C2EDB55659AE}
		{C785831C-6448-4564-8431-71063F0646AE} = {7638D600-177D-48F4-87DB-665566E62F41}
	EndGlobalSection
	GlobalSection(ExtensibilityGlobals) = postSolution
		SolutionGuid = {CFE67CB8-7AAC-4F92-8E01-511AABBE7414}
	EndGlobalSection
EndGlobal
