
Microsoft Visual Studio Solution File, Format Version 12.00
# Visual Studio Version 17
VisualStudioVersion = 17.2.32526.322
MinimumVisualStudioVersion = 10.0.40219.1
Project("{2150E333-8FDC-42A3-9474-1A3956D46DE8}") = "algo", "algo", "{9569E373-0091-412A-AB20-AF758A1B644F}"
EndProject
Project("{2150E333-8FDC-42A3-9474-1A3956D46DE8}") = "challenges", "challenges", "{093B3469-4519-4D77-9E82-D7C02CA0D84C}"
EndProject
Project("{2150E333-8FDC-42A3-9474-1A3956D46DE8}") = "dp", "dp", "{DF7F8293-78AE-4F68-881D-9795E6D7C187}"
EndProject
Project("{2150E333-8FDC-42A3-9474-1A3956D46DE8}") = "ds", "ds", "{A4290E9E-1D9B-4D7D-8752-6FD6998FBE69}"
EndProject
Project("{2150E333-8FDC-42A3-9474-1A3956D46DE8}") = "search", "search", "{1A3BBBA6-0CB7-4B9D-9589-C2EDB55659AE}"
EndProject
Global
	GlobalSection(SolutionProperties) = preSolution
		HideSolutionNode = FALSE
	EndGlobalSection
	GlobalSection(NestedProjects) = preSolution
		{1A3BBBA6-0CB7-4B9D-9589-C2EDB55659AE} = {9569E373-0091-412A-AB20-AF758A1B644F}
	EndGlobalSection
	GlobalSection(ExtensibilityGlobals) = postSolution
		SolutionGuid = {CFE67CB8-7AAC-4F92-8E01-511AABBE7414}
	EndGlobalSection
EndGlobal
